
Microsoft Visual Studio Solution File, Format Version 12.00
# Visual Studio Version 17
VisualStudioVersion = 17.11.35219.272
MinimumVisualStudioVersion = 10.0.40219.1
Project("{FAE04EC0-301F-11D3-BF4B-00C04F79EFBC}") = "Unit_Of_Work", "Unit_Of_Work\Unit_Of_Work.csproj", "{269ECA28-9E48-4CD8-817C-A417A8EED13C}"
EndProject
Global
	GlobalSection(SolutionConfigurationPlatforms) = preSolution
		Debug|Any CPU = Debug|Any CPU
		Release|Any CPU = Release|Any CPU
	EndGlobalSection
	GlobalSection(ProjectConfigurationPlatforms) = postSolution
		{269ECA28-9E48-4CD8-817C-A417A8EED13C}.Debug|Any CPU.ActiveCfg = Debug|Any CPU
		{269ECA28-9E48-4CD8-817C-A417A8EED13C}.Debug|Any CPU.Build.0 = Debug|Any CPU
		{269ECA28-9E48-4CD8-817C-A417A8EED13C}.Release|Any CPU.ActiveCfg = Release|Any CPU
		{269ECA28-9E48-4CD8-817C-A417A8EED13C}.Release|Any CPU.Build.0 = Release|Any CPU
	EndGlobalSection
	GlobalSection(SolutionProperties) = preSolution
		HideSolutionNode = FALSE
	EndGlobalSection
	GlobalSection(ExtensibilityGlobals) = postSolution
		SolutionGuid = {42242EBC-BF10-4106-8789-B1D02A8CDA0F}
	EndGlobalSection
EndGlobal
